
Microsoft Visual Studio Solution File, Format Version 12.00
# Visual Studio Version 17
VisualStudioVersion = 17.0.31919.166
MinimumVisualStudioVersion = 10.0.40219.1
Project("{FAE04EC0-301F-11D3-BF4B-00C04F79EFBC}") = "ReactRio.DotnetUtils", "DotnetUtils\ReactRio.DotnetUtils.csproj", "{5CFC066D-904F-4393-8B02-710981BA727E}"
EndProject
Global
	GlobalSection(SolutionConfigurationPlatforms) = preSolution
		Debug|Any CPU = Debug|Any CPU
		Release|Any CPU = Release|Any CPU
	EndGlobalSection
	GlobalSection(ProjectConfigurationPlatforms) = postSolution
		{5CFC066D-904F-4393-8B02-710981BA727E}.Debug|Any CPU.ActiveCfg = Debug|Any CPU
		{5CFC066D-904F-4393-8B02-710981BA727E}.Debug|Any CPU.Build.0 = Debug|Any CPU
		{5CFC066D-904F-4393-8B02-710981BA727E}.Release|Any CPU.ActiveCfg = Release|Any CPU
		{5CFC066D-904F-4393-8B02-710981BA727E}.Release|Any CPU.Build.0 = Release|Any CPU
	EndGlobalSection
	GlobalSection(SolutionProperties) = preSolution
		HideSolutionNode = FALSE
	EndGlobalSection
	GlobalSection(ExtensibilityGlobals) = postSolution
		SolutionGuid = {E98A3499-B9B6-4409-9415-2DD529AB1CA0}
	EndGlobalSection
EndGlobal
